// !$*UTF8*$!
{
	archiveVersion = 1;
	classes = {
	};
	objectVersion = 52;
	objects = {

/* Begin PBXBuildFile section */
		847211E727FF35A4008C91A9 /* InternetConnection.swift in Sources */ = {isa = PBXBuildFile; fileRef = 847211E627FF35A4008C91A9 /* InternetConnection.swift */; };
		847211EF2803D614008C91A9 /* Validator.swift in Sources */ = {isa = PBXBuildFile; fileRef = 847211EE2803D614008C91A9 /* Validator.swift */; };
		847BA83827F5594600DDE673 /* AuthViewControllerImpl.swift in Sources */ = {isa = PBXBuildFile; fileRef = 847BA83727F5594600DDE673 /* AuthViewControllerImpl.swift */; };
		847BA83D27F5616500DDE673 /* AuthStackView.swift in Sources */ = {isa = PBXBuildFile; fileRef = 847BA83C27F5616500DDE673 /* AuthStackView.swift */; };
		847BA84027F5673800DDE673 /* AuthButton.swift in Sources */ = {isa = PBXBuildFile; fileRef = 847BA83F27F5673800DDE673 /* AuthButton.swift */; };
		847BA84327F571AF00DDE673 /* AuthTextField.swift in Sources */ = {isa = PBXBuildFile; fileRef = 847BA84227F571AF00DDE673 /* AuthTextField.swift */; };
		847BA84527F5B41300DDE673 /* GoogleService-Info.plist in Resources */ = {isa = PBXBuildFile; fileRef = 847BA84427F5B41300DDE673 /* GoogleService-Info.plist */; };
		847BA84827F5B57600DDE673 /* FirebaseStorage in Frameworks */ = {isa = PBXBuildFile; productRef = 847BA84727F5B57600DDE673 /* FirebaseStorage */; };
		847BA84A27F5B57600DDE673 /* FirebaseAuth in Frameworks */ = {isa = PBXBuildFile; productRef = 847BA84927F5B57600DDE673 /* FirebaseAuth */; };
		847BA84C27F5B57600DDE673 /* FirebaseFirestore in Frameworks */ = {isa = PBXBuildFile; productRef = 847BA84B27F5B57600DDE673 /* FirebaseFirestore */; };
		847BA84E27F5B57600DDE673 /* FirebaseDatabase in Frameworks */ = {isa = PBXBuildFile; productRef = 847BA84D27F5B57600DDE673 /* FirebaseDatabase */; };
		847BA85327F711FD00DDE673 /* a.swift in Sources */ = {isa = PBXBuildFile; fileRef = 847BA85227F711FD00DDE673 /* a.swift */; };
		847BA85527FAC8E300DDE673 /* EntryViewControllerImpl.swift in Sources */ = {isa = PBXBuildFile; fileRef = 847BA85427FAC8E300DDE673 /* EntryViewControllerImpl.swift */; };
		847BA85727FACB6700DDE673 /* ResetViewControllerImpl.swift in Sources */ = {isa = PBXBuildFile; fileRef = 847BA85627FACB6700DDE673 /* ResetViewControllerImpl.swift */; };
		847BA85927FB005B00DDE673 /* CustomFirebase.swift in Sources */ = {isa = PBXBuildFile; fileRef = 847BA85827FB005B00DDE673 /* CustomFirebase.swift */; };
		847D31FB27FBE31800C59F1E /* AuthPresenter.swift in Sources */ = {isa = PBXBuildFile; fileRef = 847D31FA27FBE31800C59F1E /* AuthPresenter.swift */; };
		847D320027FBE55800C59F1E /* AuthAssembler.swift in Sources */ = {isa = PBXBuildFile; fileRef = 847D31FF27FBE55800C59F1E /* AuthAssembler.swift */; };
		847D320227FBE68800C59F1E /* AuthRouterImpl.swift in Sources */ = {isa = PBXBuildFile; fileRef = 847D320127FBE68800C59F1E /* AuthRouterImpl.swift */; };
		847D320427FBE74800C59F1E /* EntryPresenter.swift in Sources */ = {isa = PBXBuildFile; fileRef = 847D320327FBE74800C59F1E /* EntryPresenter.swift */; };
		847D320627FBE86D00C59F1E /* EntryRouter.swift in Sources */ = {isa = PBXBuildFile; fileRef = 847D320527FBE86D00C59F1E /* EntryRouter.swift */; };
		847D320827FBE8BF00C59F1E /* EntryAssembler.swift in Sources */ = {isa = PBXBuildFile; fileRef = 847D320727FBE8BF00C59F1E /* EntryAssembler.swift */; };
		847D320A27FBE9BA00C59F1E /* ResertPresenter.swift in Sources */ = {isa = PBXBuildFile; fileRef = 847D320927FBE9BA00C59F1E /* ResertPresenter.swift */; };
		847D320C27FBEA0A00C59F1E /* ResertRouter.swift in Sources */ = {isa = PBXBuildFile; fileRef = 847D320B27FBEA0A00C59F1E /* ResertRouter.swift */; };
		847D320E27FBEA2F00C59F1E /* ResertAssembler.swift in Sources */ = {isa = PBXBuildFile; fileRef = 847D320D27FBEA2F00C59F1E /* ResertAssembler.swift */; };
		847D321127FBF29900C59F1E /* Interactor.swift in Sources */ = {isa = PBXBuildFile; fileRef = 847D321027FBF29900C59F1E /* Interactor.swift */; };
		847D321327FC0A6800C59F1E /* AuthView.swift in Sources */ = {isa = PBXBuildFile; fileRef = 847D321227FC0A6800C59F1E /* AuthView.swift */; };
		847D321527FC183A00C59F1E /* EntryView.swift in Sources */ = {isa = PBXBuildFile; fileRef = 847D321427FC183A00C59F1E /* EntryView.swift */; };
		847D321727FC1BED00C59F1E /* ResetView.swift in Sources */ = {isa = PBXBuildFile; fileRef = 847D321627FC1BED00C59F1E /* ResetView.swift */; };
		847D322027FD4D1700C59F1E /* StartPresenter.swift in Sources */ = {isa = PBXBuildFile; fileRef = 847D321F27FD4D1700C59F1E /* StartPresenter.swift */; };
		847D322227FD4DD200C59F1E /* StartRouter.swift in Sources */ = {isa = PBXBuildFile; fileRef = 847D322127FD4DD200C59F1E /* StartRouter.swift */; };
		847D322427FD4E9300C59F1E /* StartAssembler.swift in Sources */ = {isa = PBXBuildFile; fileRef = 847D322327FD4E9300C59F1E /* StartAssembler.swift */; };
		847D322627FD4F5400C59F1E /* StartView.swift in Sources */ = {isa = PBXBuildFile; fileRef = 847D322527FD4F5400C59F1E /* StartView.swift */; };
		847D322827FD546600C59F1E /* GamePresenter.swift in Sources */ = {isa = PBXBuildFile; fileRef = 847D322727FD546600C59F1E /* GamePresenter.swift */; };
		847D322A27FD54D300C59F1E /* GameRouter.swift in Sources */ = {isa = PBXBuildFile; fileRef = 847D322927FD54D300C59F1E /* GameRouter.swift */; };
		847D322C27FD551000C59F1E /* GameAssembler.swift in Sources */ = {isa = PBXBuildFile; fileRef = 847D322B27FD551000C59F1E /* GameAssembler.swift */; };
		847D322E27FD655100C59F1E /* GameConfigureLevel.swift in Sources */ = {isa = PBXBuildFile; fileRef = 847D322D27FD655100C59F1E /* GameConfigureLevel.swift */; };
		847E0A3927F1680B0067E936 /* AppDelegate.swift in Sources */ = {isa = PBXBuildFile; fileRef = 847E0A3827F1680B0067E936 /* AppDelegate.swift */; };
		847E0A3B27F1680B0067E936 /* SceneDelegate.swift in Sources */ = {isa = PBXBuildFile; fileRef = 847E0A3A27F1680B0067E936 /* SceneDelegate.swift */; };
		847E0A3D27F1680B0067E936 /* GameViewControllerImpl.swift in Sources */ = {isa = PBXBuildFile; fileRef = 847E0A3C27F1680B0067E936 /* GameViewControllerImpl.swift */; };
		847E0A4227F1680D0067E936 /* Assets.xcassets in Resources */ = {isa = PBXBuildFile; fileRef = 847E0A4127F1680D0067E936 /* Assets.xcassets */; };
		847E0A4527F1680D0067E936 /* LaunchScreen.storyboard in Resources */ = {isa = PBXBuildFile; fileRef = 847E0A4327F1680D0067E936 /* LaunchScreen.storyboard */; };
		847E0A4D27F16B1B0067E936 /* GameCell.swift in Sources */ = {isa = PBXBuildFile; fileRef = 847E0A4C27F16B1B0067E936 /* GameCell.swift */; };
		847E0A4F27F1AD0F0067E936 /* StartViewControllerImpl.swift in Sources */ = {isa = PBXBuildFile; fileRef = 847E0A4E27F1AD0F0067E936 /* StartViewControllerImpl.swift */; };
		847E0A5127F2DE4D0067E936 /* CustomButton.swift in Sources */ = {isa = PBXBuildFile; fileRef = 847E0A5027F2DE4D0067E936 /* CustomButton.swift */; };
		847E0A5327F2FF960067E936 /* CustomStackView.swift in Sources */ = {isa = PBXBuildFile; fileRef = 847E0A5227F2FF960067E936 /* CustomStackView.swift */; };
		847E0A5527F304070067E936 /* CustomAlert.swift in Sources */ = {isa = PBXBuildFile; fileRef = 847E0A5427F304070067E936 /* CustomAlert.swift */; };
/* End PBXBuildFile section */

/* Begin PBXFileReference section */
		847211E627FF35A4008C91A9 /* InternetConnection.swift */ = {isa = PBXFileReference; lastKnownFileType = sourcecode.swift; path = InternetConnection.swift; sourceTree = "<group>"; };
		847211EE2803D614008C91A9 /* Validator.swift */ = {isa = PBXFileReference; lastKnownFileType = sourcecode.swift; path = Validator.swift; sourceTree = "<group>"; };
		847BA83727F5594600DDE673 /* AuthViewControllerImpl.swift */ = {isa = PBXFileReference; lastKnownFileType = sourcecode.swift; path = AuthViewControllerImpl.swift; sourceTree = "<group>"; };
		847BA83C27F5616500DDE673 /* AuthStackView.swift */ = {isa = PBXFileReference; lastKnownFileType = sourcecode.swift; path = AuthStackView.swift; sourceTree = "<group>"; };
		847BA83F27F5673800DDE673 /* AuthButton.swift */ = {isa = PBXFileReference; lastKnownFileType = sourcecode.swift; path = AuthButton.swift; sourceTree = "<group>"; };
		847BA84227F571AF00DDE673 /* AuthTextField.swift */ = {isa = PBXFileReference; lastKnownFileType = sourcecode.swift; path = AuthTextField.swift; sourceTree = "<group>"; };
		847BA84427F5B41300DDE673 /* GoogleService-Info.plist */ = {isa = PBXFileReference; fileEncoding = 4; lastKnownFileType = text.plist.xml; path = "GoogleService-Info.plist"; sourceTree = "<group>"; };
		847BA85227F711FD00DDE673 /* a.swift */ = {isa = PBXFileReference; lastKnownFileType = sourcecode.swift; path = a.swift; sourceTree = "<group>"; };
		847BA85427FAC8E300DDE673 /* EntryViewControllerImpl.swift */ = {isa = PBXFileReference; lastKnownFileType = sourcecode.swift; path = EntryViewControllerImpl.swift; sourceTree = "<group>"; };
		847BA85627FACB6700DDE673 /* ResetViewControllerImpl.swift */ = {isa = PBXFileReference; lastKnownFileType = sourcecode.swift; path = ResetViewControllerImpl.swift; sourceTree = "<group>"; };
		847BA85827FB005B00DDE673 /* CustomFirebase.swift */ = {isa = PBXFileReference; lastKnownFileType = sourcecode.swift; path = CustomFirebase.swift; sourceTree = "<group>"; };
		847D31FA27FBE31800C59F1E /* AuthPresenter.swift */ = {isa = PBXFileReference; lastKnownFileType = sourcecode.swift; path = AuthPresenter.swift; sourceTree = "<group>"; };
		847D31FF27FBE55800C59F1E /* AuthAssembler.swift */ = {isa = PBXFileReference; lastKnownFileType = sourcecode.swift; path = AuthAssembler.swift; sourceTree = "<group>"; };
		847D320127FBE68800C59F1E /* AuthRouterImpl.swift */ = {isa = PBXFileReference; lastKnownFileType = sourcecode.swift; path = AuthRouterImpl.swift; sourceTree = "<group>"; };
		847D320327FBE74800C59F1E /* EntryPresenter.swift */ = {isa = PBXFileReference; lastKnownFileType = sourcecode.swift; path = EntryPresenter.swift; sourceTree = "<group>"; };
		847D320527FBE86D00C59F1E /* EntryRouter.swift */ = {isa = PBXFileReference; lastKnownFileType = sourcecode.swift; path = EntryRouter.swift; sourceTree = "<group>"; };
		847D320727FBE8BF00C59F1E /* EntryAssembler.swift */ = {isa = PBXFileReference; lastKnownFileType = sourcecode.swift; path = EntryAssembler.swift; sourceTree = "<group>"; };
		847D320927FBE9BA00C59F1E /* ResertPresenter.swift */ = {isa = PBXFileReference; lastKnownFileType = sourcecode.swift; path = ResertPresenter.swift; sourceTree = "<group>"; };
		847D320B27FBEA0A00C59F1E /* ResertRouter.swift */ = {isa = PBXFileReference; lastKnownFileType = sourcecode.swift; path = ResertRouter.swift; sourceTree = "<group>"; };
		847D320D27FBEA2F00C59F1E /* ResertAssembler.swift */ = {isa = PBXFileReference; lastKnownFileType = sourcecode.swift; path = ResertAssembler.swift; sourceTree = "<group>"; };
		847D321027FBF29900C59F1E /* Interactor.swift */ = {isa = PBXFileReference; lastKnownFileType = sourcecode.swift; path = Interactor.swift; sourceTree = "<group>"; };
		847D321227FC0A6800C59F1E /* AuthView.swift */ = {isa = PBXFileReference; lastKnownFileType = sourcecode.swift; path = AuthView.swift; sourceTree = "<group>"; };
		847D321427FC183A00C59F1E /* EntryView.swift */ = {isa = PBXFileReference; lastKnownFileType = sourcecode.swift; path = EntryView.swift; sourceTree = "<group>"; };
		847D321627FC1BED00C59F1E /* ResetView.swift */ = {isa = PBXFileReference; lastKnownFileType = sourcecode.swift; path = ResetView.swift; sourceTree = "<group>"; };
		847D321F27FD4D1700C59F1E /* StartPresenter.swift */ = {isa = PBXFileReference; lastKnownFileType = sourcecode.swift; path = StartPresenter.swift; sourceTree = "<group>"; };
		847D322127FD4DD200C59F1E /* StartRouter.swift */ = {isa = PBXFileReference; lastKnownFileType = sourcecode.swift; path = StartRouter.swift; sourceTree = "<group>"; };
		847D322327FD4E9300C59F1E /* StartAssembler.swift */ = {isa = PBXFileReference; lastKnownFileType = sourcecode.swift; path = StartAssembler.swift; sourceTree = "<group>"; };
		847D322527FD4F5400C59F1E /* StartView.swift */ = {isa = PBXFileReference; lastKnownFileType = sourcecode.swift; path = StartView.swift; sourceTree = "<group>"; };
		847D322727FD546600C59F1E /* GamePresenter.swift */ = {isa = PBXFileReference; lastKnownFileType = sourcecode.swift; path = GamePresenter.swift; sourceTree = "<group>"; };
		847D322927FD54D300C59F1E /* GameRouter.swift */ = {isa = PBXFileReference; lastKnownFileType = sourcecode.swift; path = GameRouter.swift; sourceTree = "<group>"; };
		847D322B27FD551000C59F1E /* GameAssembler.swift */ = {isa = PBXFileReference; lastKnownFileType = sourcecode.swift; path = GameAssembler.swift; sourceTree = "<group>"; };
		847D322D27FD655100C59F1E /* GameConfigureLevel.swift */ = {isa = PBXFileReference; lastKnownFileType = sourcecode.swift; path = GameConfigureLevel.swift; sourceTree = "<group>"; };
		847E0A3527F1680B0067E936 /* SapperGame.app */ = {isa = PBXFileReference; explicitFileType = wrapper.application; includeInIndex = 0; path = SapperGame.app; sourceTree = BUILT_PRODUCTS_DIR; };
		847E0A3827F1680B0067E936 /* AppDelegate.swift */ = {isa = PBXFileReference; lastKnownFileType = sourcecode.swift; path = AppDelegate.swift; sourceTree = "<group>"; };
		847E0A3A27F1680B0067E936 /* SceneDelegate.swift */ = {isa = PBXFileReference; lastKnownFileType = sourcecode.swift; path = SceneDelegate.swift; sourceTree = "<group>"; };
		847E0A3C27F1680B0067E936 /* GameViewControllerImpl.swift */ = {isa = PBXFileReference; lastKnownFileType = sourcecode.swift; path = GameViewControllerImpl.swift; sourceTree = "<group>"; };
		847E0A4127F1680D0067E936 /* Assets.xcassets */ = {isa = PBXFileReference; lastKnownFileType = folder.assetcatalog; path = Assets.xcassets; sourceTree = "<group>"; };
		847E0A4427F1680D0067E936 /* Base */ = {isa = PBXFileReference; lastKnownFileType = file.storyboard; name = Base; path = Base.lproj/LaunchScreen.storyboard; sourceTree = "<group>"; };
		847E0A4627F1680D0067E936 /* Info.plist */ = {isa = PBXFileReference; lastKnownFileType = text.plist.xml; path = Info.plist; sourceTree = "<group>"; };
		847E0A4C27F16B1B0067E936 /* GameCell.swift */ = {isa = PBXFileReference; lastKnownFileType = sourcecode.swift; path = GameCell.swift; sourceTree = "<group>"; };
		847E0A4E27F1AD0F0067E936 /* StartViewControllerImpl.swift */ = {isa = PBXFileReference; lastKnownFileType = sourcecode.swift; path = StartViewControllerImpl.swift; sourceTree = "<group>"; };
		847E0A5027F2DE4D0067E936 /* CustomButton.swift */ = {isa = PBXFileReference; lastKnownFileType = sourcecode.swift; path = CustomButton.swift; sourceTree = "<group>"; };
		847E0A5227F2FF960067E936 /* CustomStackView.swift */ = {isa = PBXFileReference; lastKnownFileType = sourcecode.swift; path = CustomStackView.swift; sourceTree = "<group>"; };
		847E0A5427F304070067E936 /* CustomAlert.swift */ = {isa = PBXFileReference; lastKnownFileType = sourcecode.swift; path = CustomAlert.swift; sourceTree = "<group>"; };
/* End PBXFileReference section */

/* Begin PBXFrameworksBuildPhase section */
		847E0A3227F1680B0067E936 /* Frameworks */ = {
			isa = PBXFrameworksBuildPhase;
			buildActionMask = 2147483647;
			files = (
				847BA84827F5B57600DDE673 /* FirebaseStorage in Frameworks */,
				847BA84A27F5B57600DDE673 /* FirebaseAuth in Frameworks */,
				847BA84E27F5B57600DDE673 /* FirebaseDatabase in Frameworks */,
				847BA84C27F5B57600DDE673 /* FirebaseFirestore in Frameworks */,
			);
			runOnlyForDeploymentPostprocessing = 0;
		};
/* End PBXFrameworksBuildPhase section */

/* Begin PBXGroup section */
		847BA83927F5611000DDE673 /* AuthModul */ = {
			isa = PBXGroup;
			children = (
				847D31FC27FBE41400C59F1E /* Auth */,
				847D31FD27FBE42E00C59F1E /* Entry */,
				847D31FE27FBE43700C59F1E /* Resert */,
				847BA83E27F5672900DDE673 /* Custom UI */,
			);
			path = AuthModul;
			sourceTree = "<group>";
		};
		847BA83A27F5611E00DDE673 /* Game */ = {
			isa = PBXGroup;
			children = (
				847E0A3C27F1680B0067E936 /* GameViewControllerImpl.swift */,
				847D322727FD546600C59F1E /* GamePresenter.swift */,
				847D322927FD54D300C59F1E /* GameRouter.swift */,
				847D322B27FD551000C59F1E /* GameAssembler.swift */,
				847E0A4C27F16B1B0067E936 /* GameCell.swift */,
				847D322D27FD655100C59F1E /* GameConfigureLevel.swift */,
			);
			path = Game;
			sourceTree = "<group>";
		};
		847BA83B27F5614A00DDE673 /* Start */ = {
			isa = PBXGroup;
			children = (
				847D322527FD4F5400C59F1E /* StartView.swift */,
				847E0A4E27F1AD0F0067E936 /* StartViewControllerImpl.swift */,
				847D321F27FD4D1700C59F1E /* StartPresenter.swift */,
				847D322127FD4DD200C59F1E /* StartRouter.swift */,
				847D322327FD4E9300C59F1E /* StartAssembler.swift */,
				847BA84127F56D0A00DDE673 /* Custom UI */,
			);
			path = Start;
			sourceTree = "<group>";
		};
		847BA83E27F5672900DDE673 /* Custom UI */ = {
			isa = PBXGroup;
			children = (
				847BA83C27F5616500DDE673 /* AuthStackView.swift */,
				847BA83F27F5673800DDE673 /* AuthButton.swift */,
				847BA84227F571AF00DDE673 /* AuthTextField.swift */,
				847BA85227F711FD00DDE673 /* a.swift */,
			);
			path = "Custom UI";
			sourceTree = "<group>";
		};
		847BA84127F56D0A00DDE673 /* Custom UI */ = {
			isa = PBXGroup;
			children = (
				847E0A5027F2DE4D0067E936 /* CustomButton.swift */,
				847E0A5227F2FF960067E936 /* CustomStackView.swift */,
			);
			path = "Custom UI";
			sourceTree = "<group>";
		};
		847D31FC27FBE41400C59F1E /* Auth */ = {
			isa = PBXGroup;
			children = (
				847D321227FC0A6800C59F1E /* AuthView.swift */,
				847BA83727F5594600DDE673 /* AuthViewControllerImpl.swift */,
				847D31FA27FBE31800C59F1E /* AuthPresenter.swift */,
				847D320127FBE68800C59F1E /* AuthRouterImpl.swift */,
				847D31FF27FBE55800C59F1E /* AuthAssembler.swift */,
			);
			path = Auth;
			sourceTree = "<group>";
		};
		847D31FD27FBE42E00C59F1E /* Entry */ = {
			isa = PBXGroup;
			children = (
				847D321427FC183A00C59F1E /* EntryView.swift */,
				847BA85427FAC8E300DDE673 /* EntryViewControllerImpl.swift */,
				847D320327FBE74800C59F1E /* EntryPresenter.swift */,
				847D320527FBE86D00C59F1E /* EntryRouter.swift */,
				847D320727FBE8BF00C59F1E /* EntryAssembler.swift */,
			);
			path = Entry;
			sourceTree = "<group>";
		};
		847D31FE27FBE43700C59F1E /* Resert */ = {
			isa = PBXGroup;
			children = (
				847D321627FC1BED00C59F1E /* ResetView.swift */,
				847BA85627FACB6700DDE673 /* ResetViewControllerImpl.swift */,
				847D320927FBE9BA00C59F1E /* ResertPresenter.swift */,
				847D320B27FBEA0A00C59F1E /* ResertRouter.swift */,
				847D320D27FBEA2F00C59F1E /* ResertAssembler.swift */,
			);
			path = Resert;
			sourceTree = "<group>";
		};
		847D320F27FBF28400C59F1E /* Domain */ = {
			isa = PBXGroup;
			children = (
				847D321027FBF29900C59F1E /* Interactor.swift */,
			);
			path = Domain;
			sourceTree = "<group>";
		};
		847D321E27FD4B5B00C59F1E /* GameModule */ = {
			isa = PBXGroup;
			children = (
				847BA83B27F5614A00DDE673 /* Start */,
				847BA83A27F5611E00DDE673 /* Game */,
			);
			path = GameModule;
			sourceTree = "<group>";
		};
		847E0A2C27F1680B0067E936 = {
			isa = PBXGroup;
			children = (
				847E0A3727F1680B0067E936 /* SapperGame */,
				847E0A3627F1680B0067E936 /* Products */,
			);
			sourceTree = "<group>";
		};
		847E0A3627F1680B0067E936 /* Products */ = {
			isa = PBXGroup;
			children = (
				847E0A3527F1680B0067E936 /* SapperGame.app */,
			);
			name = Products;
			sourceTree = "<group>";
		};
		847E0A3727F1680B0067E936 /* SapperGame */ = {
			isa = PBXGroup;
			children = (
				847E0A5627F30E590067E936 /* Scenes */,
				847E0A5827F30EB70067E936 /* Common */,
				847E0A5727F30E960067E936 /* Application */,
				847E0A5927F30ED20067E936 /* Resources */,
			);
			path = SapperGame;
			sourceTree = "<group>";
		};
		847E0A5627F30E590067E936 /* Scenes */ = {
			isa = PBXGroup;
			children = (
				847D321E27FD4B5B00C59F1E /* GameModule */,
				847BA83927F5611000DDE673 /* AuthModul */,
			);
			path = Scenes;
			sourceTree = "<group>";
		};
		847E0A5727F30E960067E936 /* Application */ = {
			isa = PBXGroup;
			children = (
				847E0A3827F1680B0067E936 /* AppDelegate.swift */,
				847E0A3A27F1680B0067E936 /* SceneDelegate.swift */,
			);
			path = Application;
			sourceTree = "<group>";
		};
		847E0A5827F30EB70067E936 /* Common */ = {
			isa = PBXGroup;
			children = (
				847D320F27FBF28400C59F1E /* Domain */,
				847BA85827FB005B00DDE673 /* CustomFirebase.swift */,
				847211EE2803D614008C91A9 /* Validator.swift */,
				847211E627FF35A4008C91A9 /* InternetConnection.swift */,
				847E0A5427F304070067E936 /* CustomAlert.swift */,
			);
			path = Common;
			sourceTree = "<group>";
		};
		847E0A5927F30ED20067E936 /* Resources */ = {
			isa = PBXGroup;
			children = (
				847BA84427F5B41300DDE673 /* GoogleService-Info.plist */,
				847E0A4127F1680D0067E936 /* Assets.xcassets */,
				847E0A4327F1680D0067E936 /* LaunchScreen.storyboard */,
				847E0A4627F1680D0067E936 /* Info.plist */,
			);
			path = Resources;
			sourceTree = "<group>";
		};
/* End PBXGroup section */

/* Begin PBXNativeTarget section */
		847E0A3427F1680B0067E936 /* SapperGame */ = {
			isa = PBXNativeTarget;
			buildConfigurationList = 847E0A4927F1680D0067E936 /* Build configuration list for PBXNativeTarget "SapperGame" */;
			buildPhases = (
				847E0A3127F1680B0067E936 /* Sources */,
				847E0A3227F1680B0067E936 /* Frameworks */,
				847E0A3327F1680B0067E936 /* Resources */,
			);
			buildRules = (
			);
			dependencies = (
			);
			name = SapperGame;
			packageProductDependencies = (
				847BA84727F5B57600DDE673 /* FirebaseStorage */,
				847BA84927F5B57600DDE673 /* FirebaseAuth */,
				847BA84B27F5B57600DDE673 /* FirebaseFirestore */,
				847BA84D27F5B57600DDE673 /* FirebaseDatabase */,
			);
			productName = SapperGame;
			productReference = 847E0A3527F1680B0067E936 /* SapperGame.app */;
			productType = "com.apple.product-type.application";
		};
/* End PBXNativeTarget section */

/* Begin PBXProject section */
		847E0A2D27F1680B0067E936 /* Project object */ = {
			isa = PBXProject;
			attributes = {
				LastSwiftUpdateCheck = 1250;
				LastUpgradeCheck = 1250;
				TargetAttributes = {
					847E0A3427F1680B0067E936 = {
						CreatedOnToolsVersion = 12.5.1;
					};
				};
			};
			buildConfigurationList = 847E0A3027F1680B0067E936 /* Build configuration list for PBXProject "SapperGame" */;
			compatibilityVersion = "Xcode 9.3";
			developmentRegion = en;
			hasScannedForEncodings = 0;
			knownRegions = (
				en,
				Base,
			);
			mainGroup = 847E0A2C27F1680B0067E936;
			packageReferences = (
				847BA84627F5B57600DDE673 /* XCRemoteSwiftPackageReference "firebase-ios-sdk" */,
			);
			productRefGroup = 847E0A3627F1680B0067E936 /* Products */;
			projectDirPath = "";
			projectRoot = "";
			targets = (
				847E0A3427F1680B0067E936 /* SapperGame */,
			);
		};
/* End PBXProject section */

/* Begin PBXResourcesBuildPhase section */
		847E0A3327F1680B0067E936 /* Resources */ = {
			isa = PBXResourcesBuildPhase;
			buildActionMask = 2147483647;
			files = (
				847E0A4527F1680D0067E936 /* LaunchScreen.storyboard in Resources */,
				847BA84527F5B41300DDE673 /* GoogleService-Info.plist in Resources */,
				847E0A4227F1680D0067E936 /* Assets.xcassets in Resources */,
			);
			runOnlyForDeploymentPostprocessing = 0;
		};
/* End PBXResourcesBuildPhase section */

/* Begin PBXSourcesBuildPhase section */
		847E0A3127F1680B0067E936 /* Sources */ = {
			isa = PBXSourcesBuildPhase;
			buildActionMask = 2147483647;
			files = (
				847D320E27FBEA2F00C59F1E /* ResertAssembler.swift in Sources */,
				847E0A4F27F1AD0F0067E936 /* StartViewControllerImpl.swift in Sources */,
				847BA84327F571AF00DDE673 /* AuthTextField.swift in Sources */,
				847E0A3D27F1680B0067E936 /* GameViewControllerImpl.swift in Sources */,
				847BA85527FAC8E300DDE673 /* EntryViewControllerImpl.swift in Sources */,
				847D322427FD4E9300C59F1E /* StartAssembler.swift in Sources */,
				847D321727FC1BED00C59F1E /* ResetView.swift in Sources */,
				847E0A5127F2DE4D0067E936 /* CustomButton.swift in Sources */,
				847D320427FBE74800C59F1E /* EntryPresenter.swift in Sources */,
				847D322227FD4DD200C59F1E /* StartRouter.swift in Sources */,
				847211EF2803D614008C91A9 /* Validator.swift in Sources */,
				847D320A27FBE9BA00C59F1E /* ResertPresenter.swift in Sources */,
				847D322E27FD655100C59F1E /* GameConfigureLevel.swift in Sources */,
				847D322827FD546600C59F1E /* GamePresenter.swift in Sources */,
				847D321327FC0A6800C59F1E /* AuthView.swift in Sources */,
				847BA85927FB005B00DDE673 /* CustomFirebase.swift in Sources */,
				847E0A4D27F16B1B0067E936 /* GameCell.swift in Sources */,
				847D321527FC183A00C59F1E /* EntryView.swift in Sources */,
				847D320027FBE55800C59F1E /* AuthAssembler.swift in Sources */,
				847D320827FBE8BF00C59F1E /* EntryAssembler.swift in Sources */,
				847211E727FF35A4008C91A9 /* InternetConnection.swift in Sources */,
				847BA83D27F5616500DDE673 /* AuthStackView.swift in Sources */,
				847D320227FBE68800C59F1E /* AuthRouterImpl.swift in Sources */,
				847D320C27FBEA0A00C59F1E /* ResertRouter.swift in Sources */,
				847E0A5327F2FF960067E936 /* CustomStackView.swift in Sources */,
				847E0A3927F1680B0067E936 /* AppDelegate.swift in Sources */,
				847BA85727FACB6700DDE673 /* ResetViewControllerImpl.swift in Sources */,
				847D321127FBF29900C59F1E /* Interactor.swift in Sources */,
				847D322C27FD551000C59F1E /* GameAssembler.swift in Sources */,
				847E0A3B27F1680B0067E936 /* SceneDelegate.swift in Sources */,
				847BA83827F5594600DDE673 /* AuthViewControllerImpl.swift in Sources */,
				847D320627FBE86D00C59F1E /* EntryRouter.swift in Sources */,
				847D322027FD4D1700C59F1E /* StartPresenter.swift in Sources */,
				847D31FB27FBE31800C59F1E /* AuthPresenter.swift in Sources */,
				847D322A27FD54D300C59F1E /* GameRouter.swift in Sources */,
				847BA85327F711FD00DDE673 /* a.swift in Sources */,
				847BA84027F5673800DDE673 /* AuthButton.swift in Sources */,
				847D322627FD4F5400C59F1E /* StartView.swift in Sources */,
				847E0A5527F304070067E936 /* CustomAlert.swift in Sources */,
			);
			runOnlyForDeploymentPostprocessing = 0;
		};
/* End PBXSourcesBuildPhase section */

/* Begin PBXVariantGroup section */
		847E0A4327F1680D0067E936 /* LaunchScreen.storyboard */ = {
			isa = PBXVariantGroup;
			children = (
				847E0A4427F1680D0067E936 /* Base */,
			);
			name = LaunchScreen.storyboard;
			sourceTree = "<group>";
		};
/* End PBXVariantGroup section */

/* Begin XCBuildConfiguration section */
		847E0A4727F1680D0067E936 /* Debug */ = {
			isa = XCBuildConfiguration;
			buildSettings = {
				ALWAYS_SEARCH_USER_PATHS = NO;
				CLANG_ANALYZER_NONNULL = YES;
				CLANG_ANALYZER_NUMBER_OBJECT_CONVERSION = YES_AGGRESSIVE;
				CLANG_CXX_LANGUAGE_STANDARD = "gnu++14";
				CLANG_CXX_LIBRARY = "libc++";
				CLANG_ENABLE_MODULES = YES;
				CLANG_ENABLE_OBJC_ARC = YES;
				CLANG_ENABLE_OBJC_WEAK = YES;
				CLANG_WARN_BLOCK_CAPTURE_AUTORELEASING = YES;
				CLANG_WARN_BOOL_CONVERSION = YES;
				CLANG_WARN_COMMA = YES;
				CLANG_WARN_CONSTANT_CONVERSION = YES;
				CLANG_WARN_DEPRECATED_OBJC_IMPLEMENTATIONS = YES;
				CLANG_WARN_DIRECT_OBJC_ISA_USAGE = YES_ERROR;
				CLANG_WARN_DOCUMENTATION_COMMENTS = YES;
				CLANG_WARN_EMPTY_BODY = YES;
				CLANG_WARN_ENUM_CONVERSION = YES;
				CLANG_WARN_INFINITE_RECURSION = YES;
				CLANG_WARN_INT_CONVERSION = YES;
				CLANG_WARN_NON_LITERAL_NULL_CONVERSION = YES;
				CLANG_WARN_OBJC_IMPLICIT_RETAIN_SELF = YES;
				CLANG_WARN_OBJC_LITERAL_CONVERSION = YES;
				CLANG_WARN_OBJC_ROOT_CLASS = YES_ERROR;
				CLANG_WARN_QUOTED_INCLUDE_IN_FRAMEWORK_HEADER = YES;
				CLANG_WARN_RANGE_LOOP_ANALYSIS = YES;
				CLANG_WARN_STRICT_PROTOTYPES = YES;
				CLANG_WARN_SUSPICIOUS_MOVE = YES;
				CLANG_WARN_UNGUARDED_AVAILABILITY = YES_AGGRESSIVE;
				CLANG_WARN_UNREACHABLE_CODE = YES;
				CLANG_WARN__DUPLICATE_METHOD_MATCH = YES;
				COPY_PHASE_STRIP = NO;
				DEBUG_INFORMATION_FORMAT = dwarf;
				ENABLE_STRICT_OBJC_MSGSEND = YES;
				ENABLE_TESTABILITY = YES;
				GCC_C_LANGUAGE_STANDARD = gnu11;
				GCC_DYNAMIC_NO_PIC = NO;
				GCC_NO_COMMON_BLOCKS = YES;
				GCC_OPTIMIZATION_LEVEL = 0;
				GCC_PREPROCESSOR_DEFINITIONS = (
					"DEBUG=1",
					"$(inherited)",
				);
				GCC_WARN_64_TO_32_BIT_CONVERSION = YES;
				GCC_WARN_ABOUT_RETURN_TYPE = YES_ERROR;
				GCC_WARN_UNDECLARED_SELECTOR = YES;
				GCC_WARN_UNINITIALIZED_AUTOS = YES_AGGRESSIVE;
				GCC_WARN_UNUSED_FUNCTION = YES;
				GCC_WARN_UNUSED_VARIABLE = YES;
				IPHONEOS_DEPLOYMENT_TARGET = 14.5;
				MTL_ENABLE_DEBUG_INFO = INCLUDE_SOURCE;
				MTL_FAST_MATH = YES;
				ONLY_ACTIVE_ARCH = YES;
				SDKROOT = iphoneos;
				SWIFT_ACTIVE_COMPILATION_CONDITIONS = DEBUG;
				SWIFT_OPTIMIZATION_LEVEL = "-Onone";
			};
			name = Debug;
		};
		847E0A4827F1680D0067E936 /* Release */ = {
			isa = XCBuildConfiguration;
			buildSettings = {
				ALWAYS_SEARCH_USER_PATHS = NO;
				CLANG_ANALYZER_NONNULL = YES;
				CLANG_ANALYZER_NUMBER_OBJECT_CONVERSION = YES_AGGRESSIVE;
				CLANG_CXX_LANGUAGE_STANDARD = "gnu++14";
				CLANG_CXX_LIBRARY = "libc++";
				CLANG_ENABLE_MODULES = YES;
				CLANG_ENABLE_OBJC_ARC = YES;
				CLANG_ENABLE_OBJC_WEAK = YES;
				CLANG_WARN_BLOCK_CAPTURE_AUTORELEASING = YES;
				CLANG_WARN_BOOL_CONVERSION = YES;
				CLANG_WARN_COMMA = YES;
				CLANG_WARN_CONSTANT_CONVERSION = YES;
				CLANG_WARN_DEPRECATED_OBJC_IMPLEMENTATIONS = YES;
				CLANG_WARN_DIRECT_OBJC_ISA_USAGE = YES_ERROR;
				CLANG_WARN_DOCUMENTATION_COMMENTS = YES;
				CLANG_WARN_EMPTY_BODY = YES;
				CLANG_WARN_ENUM_CONVERSION = YES;
				CLANG_WARN_INFINITE_RECURSION = YES;
				CLANG_WARN_INT_CONVERSION = YES;
				CLANG_WARN_NON_LITERAL_NULL_CONVERSION = YES;
				CLANG_WARN_OBJC_IMPLICIT_RETAIN_SELF = YES;
				CLANG_WARN_OBJC_LITERAL_CONVERSION = YES;
				CLANG_WARN_OBJC_ROOT_CLASS = YES_ERROR;
				CLANG_WARN_QUOTED_INCLUDE_IN_FRAMEWORK_HEADER = YES;
				CLANG_WARN_RANGE_LOOP_ANALYSIS = YES;
				CLANG_WARN_STRICT_PROTOTYPES = YES;
				CLANG_WARN_SUSPICIOUS_MOVE = YES;
				CLANG_WARN_UNGUARDED_AVAILABILITY = YES_AGGRESSIVE;
				CLANG_WARN_UNREACHABLE_CODE = YES;
				CLANG_WARN__DUPLICATE_METHOD_MATCH = YES;
				COPY_PHASE_STRIP = NO;
				DEBUG_INFORMATION_FORMAT = "dwarf-with-dsym";
				ENABLE_NS_ASSERTIONS = NO;
				ENABLE_STRICT_OBJC_MSGSEND = YES;
				GCC_C_LANGUAGE_STANDARD = gnu11;
				GCC_NO_COMMON_BLOCKS = YES;
				GCC_WARN_64_TO_32_BIT_CONVERSION = YES;
				GCC_WARN_ABOUT_RETURN_TYPE = YES_ERROR;
				GCC_WARN_UNDECLARED_SELECTOR = YES;
				GCC_WARN_UNINITIALIZED_AUTOS = YES_AGGRESSIVE;
				GCC_WARN_UNUSED_FUNCTION = YES;
				GCC_WARN_UNUSED_VARIABLE = YES;
				IPHONEOS_DEPLOYMENT_TARGET = 14.5;
				MTL_ENABLE_DEBUG_INFO = NO;
				MTL_FAST_MATH = YES;
				SDKROOT = iphoneos;
				SWIFT_COMPILATION_MODE = wholemodule;
				SWIFT_OPTIMIZATION_LEVEL = "-O";
				VALIDATE_PRODUCT = YES;
			};
			name = Release;
		};
		847E0A4A27F1680D0067E936 /* Debug */ = {
			isa = XCBuildConfiguration;
			buildSettings = {
				ASSETCATALOG_COMPILER_APPICON_NAME = AppIcon;
				ASSETCATALOG_COMPILER_GLOBAL_ACCENT_COLOR_NAME = AccentColor;
				CODE_SIGN_STYLE = Automatic;
				DEVELOPMENT_TEAM = PZRD3MXDYZ;
				INFOPLIST_FILE = SapperGame/Resources/Info.plist;
				LD_RUNPATH_SEARCH_PATHS = (
					"$(inherited)",
					"@executable_path/Frameworks",
				);
				PRODUCT_BUNDLE_IDENTIFIER = testPavel.SapperGame;
				PRODUCT_NAME = "$(TARGET_NAME)";
				SWIFT_VERSION = 5.0;
				TARGETED_DEVICE_FAMILY = "1,2";
			};
			name = Debug;
		};
		847E0A4B27F1680D0067E936 /* Release */ = {
			isa = XCBuildConfiguration;
			buildSettings = {
				ASSETCATALOG_COMPILER_APPICON_NAME = AppIcon;
				ASSETCATALOG_COMPILER_GLOBAL_ACCENT_COLOR_NAME = AccentColor;
				CODE_SIGN_STYLE = Automatic;
				DEVELOPMENT_TEAM = PZRD3MXDYZ;
				INFOPLIST_FILE = SapperGame/Resources/Info.plist;
				LD_RUNPATH_SEARCH_PATHS = (
					"$(inherited)",
					"@executable_path/Frameworks",
				);
				PRODUCT_BUNDLE_IDENTIFIER = testPavel.SapperGame;
				PRODUCT_NAME = "$(TARGET_NAME)";
				SWIFT_VERSION = 5.0;
				TARGETED_DEVICE_FAMILY = "1,2";
			};
			name = Release;
		};
/* End XCBuildConfiguration section */

/* Begin XCConfigurationList section */
		847E0A3027F1680B0067E936 /* Build configuration list for PBXProject "SapperGame" */ = {
			isa = XCConfigurationList;
			buildConfigurations = (
				847E0A4727F1680D0067E936 /* Debug */,
				847E0A4827F1680D0067E936 /* Release */,
			);
			defaultConfigurationIsVisible = 0;
			defaultConfigurationName = Release;
		};
		847E0A4927F1680D0067E936 /* Build configuration list for PBXNativeTarget "SapperGame" */ = {
			isa = XCConfigurationList;
			buildConfigurations = (
				847E0A4A27F1680D0067E936 /* Debug */,
				847E0A4B27F1680D0067E936 /* Release */,
			);
			defaultConfigurationIsVisible = 0;
			defaultConfigurationName = Release;
		};
/* End XCConfigurationList section */

/* Begin XCRemoteSwiftPackageReference section */
		847BA84627F5B57600DDE673 /* XCRemoteSwiftPackageReference "firebase-ios-sdk" */ = {
			isa = XCRemoteSwiftPackageReference;
			repositoryURL = "https://github.com/firebase/firebase-ios-sdk";
			requirement = {
				kind = upToNextMajorVersion;
				minimumVersion = 8.14.0;
			};
		};
/* End XCRemoteSwiftPackageReference section */

/* Begin XCSwiftPackageProductDependency section */
		847BA84727F5B57600DDE673 /* FirebaseStorage */ = {
			isa = XCSwiftPackageProductDependency;
			package = 847BA84627F5B57600DDE673 /* XCRemoteSwiftPackageReference "firebase-ios-sdk" */;
			productName = FirebaseStorage;
		};
		847BA84927F5B57600DDE673 /* FirebaseAuth */ = {
			isa = XCSwiftPackageProductDependency;
			package = 847BA84627F5B57600DDE673 /* XCRemoteSwiftPackageReference "firebase-ios-sdk" */;
			productName = FirebaseAuth;
		};
		847BA84B27F5B57600DDE673 /* FirebaseFirestore */ = {
			isa = XCSwiftPackageProductDependency;
			package = 847BA84627F5B57600DDE673 /* XCRemoteSwiftPackageReference "firebase-ios-sdk" */;
			productName = FirebaseFirestore;
		};
		847BA84D27F5B57600DDE673 /* FirebaseDatabase */ = {
			isa = XCSwiftPackageProductDependency;
			package = 847BA84627F5B57600DDE673 /* XCRemoteSwiftPackageReference "firebase-ios-sdk" */;
			productName = FirebaseDatabase;
		};
/* End XCSwiftPackageProductDependency section */
	};
	rootObject = 847E0A2D27F1680B0067E936 /* Project object */;
}
